Microsoft Visual Studio Solution File, Format Version 10.00
# Visual Studio 2008

Project("{00F83A31-6B96-AE34-7E33-9DE650882232}") = "domedemos", "Assembly-CSharp-firstpass.csproj", "{7D2621A4-0608-276B-6DB4-824200AA1C25}"
EndProject
Project("{00F83A31-6B96-AE34-7E33-9DE650882232}") = "domedemos", "Assembly-CSharp-Editor-firstpass.csproj", "{359C2E4A-1276-6303-87FB-337BCED82E7F}"
EndProject
Project("{00F83A31-6B96-AE34-7E33-9DE650882232}") = "domedemos", "Assembly-CSharp-Editor.csproj", "{93915D8D-0038-3BF9-320D-7CB57CE90BA9}"
EndProject
Project("{00F83A31-6B96-AE34-7E33-9DE650882232}") = "domedemos", "Assembly-UnityScript-firstpass.unityproj", "{A8BD94F5-FC63-157B-6CDF-CD0F5F7DCEE3}"
EndProject
Project("{00F83A31-6B96-AE34-7E33-9DE650882232}") = "domedemos", "Assembly-UnityScript.unityproj", "{4F94E818-5D51-C5E3-BDA7-BBD50069E704}"
EndProject
Global
	GlobalSection(SolutionConfigurationPlatforms) = preSolution
		Debug|Any CPU = Debug|Any CPU
		Release|Any CPU = Release|Any CPU
	EndGlobalSection
	GlobalSection(ProjectConfigurationPlatforms) = postSolution
		{7D2621A4-0608-276B-6DB4-824200AA1C25}.Debug|Any CPU.ActiveCfg = Debug|Any CPU
		{7D2621A4-0608-276B-6DB4-824200AA1C25}.Debug|Any CPU.Build.0 = Debug|Any CPU
		{7D2621A4-0608-276B-6DB4-824200AA1C25}.Release|Any CPU.ActiveCfg = Release|Any CPU
		{7D2621A4-0608-276B-6DB4-824200AA1C25}.Release|Any CPU.Build.0 = Release|Any CPU
		{359C2E4A-1276-6303-87FB-337BCED82E7F}.Debug|Any CPU.ActiveCfg = Debug|Any CPU
		{359C2E4A-1276-6303-87FB-337BCED82E7F}.Debug|Any CPU.Build.0 = Debug|Any CPU
		{359C2E4A-1276-6303-87FB-337BCED82E7F}.Release|Any CPU.ActiveCfg = Release|Any CPU
		{359C2E4A-1276-6303-87FB-337BCED82E7F}.Release|Any CPU.Build.0 = Release|Any CPU
		{93915D8D-0038-3BF9-320D-7CB57CE90BA9}.Debug|Any CPU.ActiveCfg = Debug|Any CPU
		{93915D8D-0038-3BF9-320D-7CB57CE90BA9}.Debug|Any CPU.Build.0 = Debug|Any CPU
		{93915D8D-0038-3BF9-320D-7CB57CE90BA9}.Release|Any CPU.ActiveCfg = Release|Any CPU
		{93915D8D-0038-3BF9-320D-7CB57CE90BA9}.Release|Any CPU.Build.0 = Release|Any CPU
		{A8BD94F5-FC63-157B-6CDF-CD0F5F7DCEE3}.Debug|Any CPU.ActiveCfg = Debug|Any CPU
		{A8BD94F5-FC63-157B-6CDF-CD0F5F7DCEE3}.Debug|Any CPU.Build.0 = Debug|Any CPU
		{A8BD94F5-FC63-157B-6CDF-CD0F5F7DCEE3}.Release|Any CPU.ActiveCfg = Release|Any CPU
		{A8BD94F5-FC63-157B-6CDF-CD0F5F7DCEE3}.Release|Any CPU.Build.0 = Release|Any CPU
		{4F94E818-5D51-C5E3-BDA7-BBD50069E704}.Debug|Any CPU.ActiveCfg = Debug|Any CPU
		{4F94E818-5D51-C5E3-BDA7-BBD50069E704}.Debug|Any CPU.Build.0 = Debug|Any CPU
		{4F94E818-5D51-C5E3-BDA7-BBD50069E704}.Release|Any CPU.ActiveCfg = Release|Any CPU
		{4F94E818-5D51-C5E3-BDA7-BBD50069E704}.Release|Any CPU.Build.0 = Release|Any CPU
	EndGlobalSection
	GlobalSection(SolutionProperties) = preSolution
		HideSolutionNode = FALSE
	EndGlobalSection
	
EndGlobal
