Microsoft Visual Studio Solution File, Format Version 10.00
# Visual Studio 2008

Project("{C220F795-3D28-2016-210F-8CDDE14F66DF}") = "Heart 3", "Assembly-CSharp-firstpass.csproj", "{8A197C8D-7FF0-793B-BCED-3374E90358C3}"
EndProject
Project("{C220F795-3D28-2016-210F-8CDDE14F66DF}") = "Heart 3", "Assembly-CSharp.csproj", "{0837CB4C-D635-0D08-3F39-5AF377246181}"
EndProject
Project("{C220F795-3D28-2016-210F-8CDDE14F66DF}") = "Heart 3", "Assembly-CSharp-Editor.csproj", "{B844D0D7-4F38-0FFD-94B1-E32081EF1F62}"
EndProject
Project("{C220F795-3D28-2016-210F-8CDDE14F66DF}") = "Heart 3", "Assembly-UnityScript-firstpass.unityproj", "{49174EC4-D36A-8027-0D89-9C4B5AEBE5A0}"
EndProject
Project("{C220F795-3D28-2016-210F-8CDDE14F66DF}") = "Heart 3", "Assembly-UnityScript.unityproj", "{DADF8108-4C7B-DD9E-294B-4C10DA5781DE}"
EndProject
Project("{C220F795-3D28-2016-210F-8CDDE14F66DF}") = "Heart 3", "Assembly-UnityScript-Editor-firstpass.unityproj", "{A783CF5D-67C5-E6FD-672C-247781F19CFF}"
EndProject
Project("{C220F795-3D28-2016-210F-8CDDE14F66DF}") = "Heart 3", "Assembly-UnityScript-Editor.unityproj", "{10393766-1F25-23B5-36E3-22057CF2BB7B}"
EndProject
Global
	GlobalSection(SolutionConfigurationPlatforms) = preSolution
		Debug|Any CPU = Debug|Any CPU
		Release|Any CPU = Release|Any CPU
	EndGlobalSection
	GlobalSection(ProjectConfigurationPlatforms) = postSolution
		{8A197C8D-7FF0-793B-BCED-3374E90358C3}.Debug|Any CPU.ActiveCfg = Debug|Any CPU
		{8A197C8D-7FF0-793B-BCED-3374E90358C3}.Debug|Any CPU.Build.0 = Debug|Any CPU
		{8A197C8D-7FF0-793B-BCED-3374E90358C3}.Release|Any CPU.ActiveCfg = Release|Any CPU
		{8A197C8D-7FF0-793B-BCED-3374E90358C3}.Release|Any CPU.Build.0 = Release|Any CPU
		{0837CB4C-D635-0D08-3F39-5AF377246181}.Debug|Any CPU.ActiveCfg = Debug|Any CPU
		{0837CB4C-D635-0D08-3F39-5AF377246181}.Debug|Any CPU.Build.0 = Debug|Any CPU
		{0837CB4C-D635-0D08-3F39-5AF377246181}.Release|Any CPU.ActiveCfg = Release|Any CPU
		{0837CB4C-D635-0D08-3F39-5AF377246181}.Release|Any CPU.Build.0 = Release|Any CPU
		{B844D0D7-4F38-0FFD-94B1-E32081EF1F62}.Debug|Any CPU.ActiveCfg = Debug|Any CPU
		{B844D0D7-4F38-0FFD-94B1-E32081EF1F62}.Debug|Any CPU.Build.0 = Debug|Any CPU
		{B844D0D7-4F38-0FFD-94B1-E32081EF1F62}.Release|Any CPU.ActiveCfg = Release|Any CPU
		{B844D0D7-4F38-0FFD-94B1-E32081EF1F62}.Release|Any CPU.Build.0 = Release|Any CPU
		{49174EC4-D36A-8027-0D89-9C4B5AEBE5A0}.Debug|Any CPU.ActiveCfg = Debug|Any CPU
		{49174EC4-D36A-8027-0D89-9C4B5AEBE5A0}.Debug|Any CPU.Build.0 = Debug|Any CPU
		{49174EC4-D36A-8027-0D89-9C4B5AEBE5A0}.Release|Any CPU.ActiveCfg = Release|Any CPU
		{49174EC4-D36A-8027-0D89-9C4B5AEBE5A0}.Release|Any CPU.Build.0 = Release|Any CPU
		{DADF8108-4C7B-DD9E-294B-4C10DA5781DE}.Debug|Any CPU.ActiveCfg = Debug|Any CPU
		{DADF8108-4C7B-DD9E-294B-4C10DA5781DE}.Debug|Any CPU.Build.0 = Debug|Any CPU
		{DADF8108-4C7B-DD9E-294B-4C10DA5781DE}.Release|Any CPU.ActiveCfg = Release|Any CPU
		{DADF8108-4C7B-DD9E-294B-4C10DA5781DE}.Release|Any CPU.Build.0 = Release|Any CPU
		{A783CF5D-67C5-E6FD-672C-247781F19CFF}.Debug|Any CPU.ActiveCfg = Debug|Any CPU
		{A783CF5D-67C5-E6FD-672C-247781F19CFF}.Debug|Any CPU.Build.0 = Debug|Any CPU
		{A783CF5D-67C5-E6FD-672C-247781F19CFF}.Release|Any CPU.ActiveCfg = Release|Any CPU
		{A783CF5D-67C5-E6FD-672C-247781F19CFF}.Release|Any CPU.Build.0 = Release|Any CPU
		{10393766-1F25-23B5-36E3-22057CF2BB7B}.Debug|Any CPU.ActiveCfg = Debug|Any CPU
		{10393766-1F25-23B5-36E3-22057CF2BB7B}.Debug|Any CPU.Build.0 = Debug|Any CPU
		{10393766-1F25-23B5-36E3-22057CF2BB7B}.Release|Any CPU.ActiveCfg = Release|Any CPU
		{10393766-1F25-23B5-36E3-22057CF2BB7B}.Release|Any CPU.Build.0 = Release|Any CPU
	EndGlobalSection
	GlobalSection(SolutionProperties) = preSolution
		HideSolutionNode = FALSE
	EndGlobalSection
	
EndGlobal
